{
  "name": "synthetic-frontend",
  "lockfileVersion": 3,
  "requires": true,
  "packages": {
    "": {
      "name": "synthetic-frontend",
      "dependencies": {
        "axios": "1.6.8"
      },
      "engines": { "node": ">=18 <21" }
    },
    "node_modules/axios": {
      "version": "1.6.8",
      "resolved": "https://registry.npmjs.org/axios/-/axios-1.6.8.tgz",
      "integrity": "sha512-fixture"
    }
  }
}
